
Microsoft Visual Studio Solution File, Format Version 12.00
# Visual Studio 2012
Project("{FAE04EC0-301F-11D3-BF4B-00C04F79EFBC}") = "CodeConf.NET.Mobile", "CodeConf.NET.Mobile\CodeConf.NET.Mobile.csproj", "{71A63BB1-DCB8-4F33-B9B4-03500C28B639}"
EndProject
Project("{FAE04EC0-301F-11D3-BF4B-00C04F79EFBC}") = "CodeConf.NET.Mobile.iOS", "iOS\CodeConf.NET.Mobile.iOS.csproj", "{59061FB2-1A5D-4F96-8D03-549DC3C10871}"
EndProject
Project("{FAE04EC0-301F-11D3-BF4B-00C04F79EFBC}") = "CodeConf.NET.Mobile.Droid", "Droid\CodeConf.NET.Mobile.Droid.csproj", "{C31B22D8-F8BA-491E-B309-CED863E51A36}"
EndProject
Global
	GlobalSection(SolutionConfigurationPlatforms) = preSolution
		Debug|Any CPU = Debug|Any CPU
		Release|Any CPU = Release|Any CPU
		Debug|iPhoneSimulator = Debug|iPhoneSimulator
		Release|iPhone = Release|iPhone
		Release|iPhoneSimulator = Release|iPhoneSimulator
		Debug|iPhone = Debug|iPhone
	EndGlobalSection
	GlobalSection(ProjectConfigurationPlatforms) = postSolution
		{71A63BB1-DCB8-4F33-B9B4-03500C28B639}.Debug|Any CPU.ActiveCfg = Debug|Any CPU
		{71A63BB1-DCB8-4F33-B9B4-03500C28B639}.Debug|Any CPU.Build.0 = Debug|Any CPU
		{71A63BB1-DCB8-4F33-B9B4-03500C28B639}.Release|Any CPU.ActiveCfg = Release|Any CPU
		{71A63BB1-DCB8-4F33-B9B4-03500C28B639}.Release|Any CPU.Build.0 = Release|Any CPU
		{71A63BB1-DCB8-4F33-B9B4-03500C28B639}.Debug|iPhoneSimulator.ActiveCfg = Debug|Any CPU
		{71A63BB1-DCB8-4F33-B9B4-03500C28B639}.Debug|iPhoneSimulator.Build.0 = Debug|Any CPU
		{71A63BB1-DCB8-4F33-B9B4-03500C28B639}.Release|iPhone.ActiveCfg = Release|Any CPU
		{71A63BB1-DCB8-4F33-B9B4-03500C28B639}.Release|iPhone.Build.0 = Release|Any CPU
		{71A63BB1-DCB8-4F33-B9B4-03500C28B639}.Release|iPhoneSimulator.ActiveCfg = Release|Any CPU
		{71A63BB1-DCB8-4F33-B9B4-03500C28B639}.Release|iPhoneSimulator.Build.0 = Release|Any CPU
		{71A63BB1-DCB8-4F33-B9B4-03500C28B639}.Debug|iPhone.ActiveCfg = Debug|Any CPU
		{71A63BB1-DCB8-4F33-B9B4-03500C28B639}.Debug|iPhone.Build.0 = Debug|Any CPU
		{59061FB2-1A5D-4F96-8D03-549DC3C10871}.Debug|Any CPU.ActiveCfg = Debug|iPhoneSimulator
		{59061FB2-1A5D-4F96-8D03-549DC3C10871}.Debug|Any CPU.Build.0 = Debug|iPhoneSimulator
		{59061FB2-1A5D-4F96-8D03-549DC3C10871}.Release|Any CPU.ActiveCfg = Debug|iPhoneSimulator
		{59061FB2-1A5D-4F96-8D03-549DC3C10871}.Release|Any CPU.Build.0 = Debug|iPhoneSimulator
		{59061FB2-1A5D-4F96-8D03-549DC3C10871}.Debug|iPhoneSimulator.ActiveCfg = Debug|iPhoneSimulator
		{59061FB2-1A5D-4F96-8D03-549DC3C10871}.Debug|iPhoneSimulator.Build.0 = Debug|iPhoneSimulator
		{59061FB2-1A5D-4F96-8D03-549DC3C10871}.Release|iPhone.ActiveCfg = Release|iPhone
		{59061FB2-1A5D-4F96-8D03-549DC3C10871}.Release|iPhone.Build.0 = Release|iPhone
		{59061FB2-1A5D-4F96-8D03-549DC3C10871}.Release|iPhoneSimulator.ActiveCfg = Release|iPhoneSimulator
		{59061FB2-1A5D-4F96-8D03-549DC3C10871}.Release|iPhoneSimulator.Build.0 = Release|iPhoneSimulator
		{59061FB2-1A5D-4F96-8D03-549DC3C10871}.Debug|iPhone.ActiveCfg = Debug|iPhone
		{59061FB2-1A5D-4F96-8D03-549DC3C10871}.Debug|iPhone.Build.0 = Debug|iPhone
		{C31B22D8-F8BA-491E-B309-CED863E51A36}.Debug|Any CPU.ActiveCfg = Debug|Any CPU
		{C31B22D8-F8BA-491E-B309-CED863E51A36}.Debug|Any CPU.Build.0 = Debug|Any CPU
		{C31B22D8-F8BA-491E-B309-CED863E51A36}.Release|Any CPU.ActiveCfg = Release|Any CPU
		{C31B22D8-F8BA-491E-B309-CED863E51A36}.Release|Any CPU.Build.0 = Release|Any CPU
		{C31B22D8-F8BA-491E-B309-CED863E51A36}.Debug|iPhoneSimulator.ActiveCfg = Debug|Any CPU
		{C31B22D8-F8BA-491E-B309-CED863E51A36}.Debug|iPhoneSimulator.Build.0 = Debug|Any CPU
		{C31B22D8-F8BA-491E-B309-CED863E51A36}.Release|iPhone.ActiveCfg = Release|Any CPU
		{C31B22D8-F8BA-491E-B309-CED863E51A36}.Release|iPhone.Build.0 = Release|Any CPU
		{C31B22D8-F8BA-491E-B309-CED863E51A36}.Release|iPhoneSimulator.ActiveCfg = Release|Any CPU
		{C31B22D8-F8BA-491E-B309-CED863E51A36}.Release|iPhoneSimulator.Build.0 = Release|Any CPU
		{C31B22D8-F8BA-491E-B309-CED863E51A36}.Debug|iPhone.ActiveCfg = Debug|Any CPU
		{C31B22D8-F8BA-491E-B309-CED863E51A36}.Debug|iPhone.Build.0 = Debug|Any CPU
	EndGlobalSection
EndGlobal
