
Microsoft Visual Studio Solution File, Format Version 12.00
# Visual Studio 14
VisualStudioVersion = 14.0.25420.1
MinimumVisualStudioVersion = 10.0.40219.1
Project("{2150E333-8FDC-42A3-9474-1A3956D46DE8}") = "src", "src", "{F815EAA8-4C17-4C79-A279-45BBF4125B18}"
EndProject
Project("{2150E333-8FDC-42A3-9474-1A3956D46DE8}") = "Solution Items", "Solution Items", "{B532C4D3-A1A0-4299-80C9-9E87D70069E9}"
	ProjectSection(SolutionItems) = preProject
		global.json = global.json
	EndProjectSection
EndProject
Project("{8BB2217D-0F2D-49D1-97BC-3654ED321F3B}") = "CodeConf.NET.Core", "src\CodeConf.NET.Core\CodeConf.NET.Core.xproj", "{A5F75399-09D0-46D0-9C0F-A6C4B31409FC}"
EndProject
Project("{8BB2217D-0F2D-49D1-97BC-3654ED321F3B}") = "CodeConf.NET.Tests", "src\CodeConf.NET.Tests\CodeConf.NET.Tests.xproj", "{43D4B277-D269-4DD1-A733-E02D744464EF}"
EndProject
Project("{8BB2217D-0F2D-49D1-97BC-3654ED321F3B}") = "CodeConf.NET.Web", "src\CodeConf.NET.Web\CodeConf.NET.Web.xproj", "{CF4564CF-1AD3-4B65-9CE7-95FBF0437390}"
EndProject
Global
	GlobalSection(SolutionConfigurationPlatforms) = preSolution
		Debug|Any CPU = Debug|Any CPU
		Release|Any CPU = Release|Any CPU
	EndGlobalSection
	GlobalSection(ProjectConfigurationPlatforms) = postSolution
		{A5F75399-09D0-46D0-9C0F-A6C4B31409FC}.Debug|Any CPU.ActiveCfg = Debug|Any CPU
		{A5F75399-09D0-46D0-9C0F-A6C4B31409FC}.Debug|Any CPU.Build.0 = Debug|Any CPU
		{A5F75399-09D0-46D0-9C0F-A6C4B31409FC}.Release|Any CPU.ActiveCfg = Release|Any CPU
		{A5F75399-09D0-46D0-9C0F-A6C4B31409FC}.Release|Any CPU.Build.0 = Release|Any CPU
		{43D4B277-D269-4DD1-A733-E02D744464EF}.Debug|Any CPU.ActiveCfg = Debug|Any CPU
		{43D4B277-D269-4DD1-A733-E02D744464EF}.Debug|Any CPU.Build.0 = Debug|Any CPU
		{43D4B277-D269-4DD1-A733-E02D744464EF}.Release|Any CPU.ActiveCfg = Release|Any CPU
		{43D4B277-D269-4DD1-A733-E02D744464EF}.Release|Any CPU.Build.0 = Release|Any CPU
		{CF4564CF-1AD3-4B65-9CE7-95FBF0437390}.Debug|Any CPU.ActiveCfg = Debug|Any CPU
		{CF4564CF-1AD3-4B65-9CE7-95FBF0437390}.Debug|Any CPU.Build.0 = Debug|Any CPU
		{CF4564CF-1AD3-4B65-9CE7-95FBF0437390}.Release|Any CPU.ActiveCfg = Release|Any CPU
		{CF4564CF-1AD3-4B65-9CE7-95FBF0437390}.Release|Any CPU.Build.0 = Release|Any CPU
	EndGlobalSection
	GlobalSection(SolutionProperties) = preSolution
		HideSolutionNode = FALSE
	EndGlobalSection
	GlobalSection(NestedProjects) = preSolution
		{A5F75399-09D0-46D0-9C0F-A6C4B31409FC} = {F815EAA8-4C17-4C79-A279-45BBF4125B18}
		{43D4B277-D269-4DD1-A733-E02D744464EF} = {F815EAA8-4C17-4C79-A279-45BBF4125B18}
		{CF4564CF-1AD3-4B65-9CE7-95FBF0437390} = {F815EAA8-4C17-4C79-A279-45BBF4125B18}
	EndGlobalSection
EndGlobal
