
Microsoft Visual Studio Solution File, Format Version 12.00
# Visual Studio 2012
Project("{FAE04EC0-301F-11D3-BF4B-00C04F79EFBC}") = "ConCode.NET.Mobile", "ConCode.NET.Mobile\ConCode.NET.Mobile.csproj", "{71A63BB1-DCB8-4F33-B9B4-03500C28B639}"
EndProject
Project("{FAE04EC0-301F-11D3-BF4B-00C04F79EFBC}") = "ConCode.NET.Mobile.iOS", "iOS\ConCode.NET.Mobile.iOS.csproj", "{59061FB2-1A5D-4F96-8D03-549DC3C10871}"
EndProject
Project("{FAE04EC0-301F-11D3-BF4B-00C04F79EFBC}") = "ConCode.NET.Mobile.Droid", "Droid\ConCode.NET.Mobile.Droid.csproj", "{C31B22D8-F8BA-491E-B309-CED863E51A36}"
EndProject
Project("{FAE04EC0-301F-11D3-BF4B-00C04F79EFBC}") = "ConCode.NET.Mobile.Tests", "ConCode.NET.Mobile.Tests\ConCode.NET.Mobile.Tests.csproj", "{D7EFB3F7-DB41-46CA-B81D-1C8414E1E11F}"
EndProject
Project("{FAE04EC0-301F-11D3-BF4B-00C04F79EFBC}") = "ConCode.NET.Mobile.iOS.WatchKitApp", "ConCode.NET.Mobile.iOS.WatchKitApp\ConCode.NET.Mobile.iOS.WatchKitApp.csproj", "{D8025804-6D70-47E5-AE31-41E28CB5C713}"
EndProject
Project("{FAE04EC0-301F-11D3-BF4B-00C04F79EFBC}") = "ConCode.NET.Mobile.iOS.WatchKitExtension", "ConCode.NET.Mobile.iOS.WatchKitExtension\ConCode.NET.Mobile.iOS.WatchKitExtension.csproj", "{79320A06-8C76-4070-8217-991BB57482E4}"
EndProject
Global
	GlobalSection(SolutionConfigurationPlatforms) = preSolution
		Debug|Any CPU = Debug|Any CPU
		Release|Any CPU = Release|Any CPU
		Debug|iPhoneSimulator = Debug|iPhoneSimulator
		Release|iPhone = Release|iPhone
		Release|iPhoneSimulator = Release|iPhoneSimulator
		Debug|iPhone = Debug|iPhone
	EndGlobalSection
	GlobalSection(ProjectConfigurationPlatforms) = postSolution
		{71A63BB1-DCB8-4F33-B9B4-03500C28B639}.Debug|Any CPU.ActiveCfg = Debug|Any CPU
		{71A63BB1-DCB8-4F33-B9B4-03500C28B639}.Release|Any CPU.ActiveCfg = Release|Any CPU
		{71A63BB1-DCB8-4F33-B9B4-03500C28B639}.Release|Any CPU.Build.0 = Release|Any CPU
		{71A63BB1-DCB8-4F33-B9B4-03500C28B639}.Debug|iPhoneSimulator.ActiveCfg = Debug|Any CPU
		{71A63BB1-DCB8-4F33-B9B4-03500C28B639}.Debug|iPhoneSimulator.Build.0 = Debug|Any CPU
		{71A63BB1-DCB8-4F33-B9B4-03500C28B639}.Release|iPhone.ActiveCfg = Release|Any CPU
		{71A63BB1-DCB8-4F33-B9B4-03500C28B639}.Release|iPhone.Build.0 = Release|Any CPU
		{71A63BB1-DCB8-4F33-B9B4-03500C28B639}.Release|iPhoneSimulator.ActiveCfg = Release|Any CPU
		{71A63BB1-DCB8-4F33-B9B4-03500C28B639}.Release|iPhoneSimulator.Build.0 = Release|Any CPU
		{71A63BB1-DCB8-4F33-B9B4-03500C28B639}.Debug|iPhone.ActiveCfg = Debug|Any CPU
		{71A63BB1-DCB8-4F33-B9B4-03500C28B639}.Debug|iPhone.Build.0 = Debug|Any CPU
		{71A63BB1-DCB8-4F33-B9B4-03500C28B639}.Debug|Any CPU.Build.0 = Debug|Any CPU
		{59061FB2-1A5D-4F96-8D03-549DC3C10871}.Debug|Any CPU.ActiveCfg = Debug|iPhoneSimulator
		{59061FB2-1A5D-4F96-8D03-549DC3C10871}.Debug|Any CPU.Build.0 = Debug|iPhoneSimulator
		{59061FB2-1A5D-4F96-8D03-549DC3C10871}.Release|Any CPU.ActiveCfg = Debug|iPhoneSimulator
		{59061FB2-1A5D-4F96-8D03-549DC3C10871}.Release|Any CPU.Build.0 = Debug|iPhoneSimulator
		{59061FB2-1A5D-4F96-8D03-549DC3C10871}.Debug|iPhoneSimulator.ActiveCfg = Debug|iPhoneSimulator
		{59061FB2-1A5D-4F96-8D03-549DC3C10871}.Debug|iPhoneSimulator.Build.0 = Debug|iPhoneSimulator
		{59061FB2-1A5D-4F96-8D03-549DC3C10871}.Release|iPhone.ActiveCfg = Release|iPhone
		{59061FB2-1A5D-4F96-8D03-549DC3C10871}.Release|iPhone.Build.0 = Release|iPhone
		{59061FB2-1A5D-4F96-8D03-549DC3C10871}.Release|iPhoneSimulator.ActiveCfg = Release|iPhoneSimulator
		{59061FB2-1A5D-4F96-8D03-549DC3C10871}.Release|iPhoneSimulator.Build.0 = Release|iPhoneSimulator
		{59061FB2-1A5D-4F96-8D03-549DC3C10871}.Debug|iPhone.ActiveCfg = Debug|iPhone
		{59061FB2-1A5D-4F96-8D03-549DC3C10871}.Debug|iPhone.Build.0 = Debug|iPhone
		{C31B22D8-F8BA-491E-B309-CED863E51A36}.Debug|Any CPU.ActiveCfg = Debug|Any CPU
		{C31B22D8-F8BA-491E-B309-CED863E51A36}.Debug|Any CPU.Build.0 = Debug|Any CPU
		{C31B22D8-F8BA-491E-B309-CED863E51A36}.Release|Any CPU.ActiveCfg = Release|Any CPU
		{C31B22D8-F8BA-491E-B309-CED863E51A36}.Release|Any CPU.Build.0 = Release|Any CPU
		{C31B22D8-F8BA-491E-B309-CED863E51A36}.Debug|iPhoneSimulator.ActiveCfg = Debug|Any CPU
		{C31B22D8-F8BA-491E-B309-CED863E51A36}.Debug|iPhoneSimulator.Build.0 = Debug|Any CPU
		{C31B22D8-F8BA-491E-B309-CED863E51A36}.Release|iPhone.ActiveCfg = Release|Any CPU
		{C31B22D8-F8BA-491E-B309-CED863E51A36}.Release|iPhone.Build.0 = Release|Any CPU
		{C31B22D8-F8BA-491E-B309-CED863E51A36}.Release|iPhoneSimulator.ActiveCfg = Release|Any CPU
		{C31B22D8-F8BA-491E-B309-CED863E51A36}.Release|iPhoneSimulator.Build.0 = Release|Any CPU
		{C31B22D8-F8BA-491E-B309-CED863E51A36}.Debug|iPhone.ActiveCfg = Debug|Any CPU
		{C31B22D8-F8BA-491E-B309-CED863E51A36}.Debug|iPhone.Build.0 = Debug|Any CPU
		{D7EFB3F7-DB41-46CA-B81D-1C8414E1E11F}.Debug|Any CPU.ActiveCfg = Debug|Any CPU
		{D7EFB3F7-DB41-46CA-B81D-1C8414E1E11F}.Debug|Any CPU.Build.0 = Debug|Any CPU
		{D7EFB3F7-DB41-46CA-B81D-1C8414E1E11F}.Release|Any CPU.ActiveCfg = Release|Any CPU
		{D7EFB3F7-DB41-46CA-B81D-1C8414E1E11F}.Release|Any CPU.Build.0 = Release|Any CPU
		{D7EFB3F7-DB41-46CA-B81D-1C8414E1E11F}.Debug|iPhoneSimulator.ActiveCfg = Debug|Any CPU
		{D7EFB3F7-DB41-46CA-B81D-1C8414E1E11F}.Debug|iPhoneSimulator.Build.0 = Debug|Any CPU
		{D7EFB3F7-DB41-46CA-B81D-1C8414E1E11F}.Release|iPhone.ActiveCfg = Release|Any CPU
		{D7EFB3F7-DB41-46CA-B81D-1C8414E1E11F}.Release|iPhone.Build.0 = Release|Any CPU
		{D7EFB3F7-DB41-46CA-B81D-1C8414E1E11F}.Release|iPhoneSimulator.ActiveCfg = Release|Any CPU
		{D7EFB3F7-DB41-46CA-B81D-1C8414E1E11F}.Release|iPhoneSimulator.Build.0 = Release|Any CPU
		{D7EFB3F7-DB41-46CA-B81D-1C8414E1E11F}.Debug|iPhone.ActiveCfg = Debug|Any CPU
		{D7EFB3F7-DB41-46CA-B81D-1C8414E1E11F}.Debug|iPhone.Build.0 = Debug|Any CPU
		{D8025804-6D70-47E5-AE31-41E28CB5C713}.Debug|Any CPU.ActiveCfg = Debug|iPhoneSimulator
		{D8025804-6D70-47E5-AE31-41E28CB5C713}.Debug|Any CPU.Build.0 = Debug|iPhoneSimulator
		{D8025804-6D70-47E5-AE31-41E28CB5C713}.Release|Any CPU.ActiveCfg = Release|iPhone
		{D8025804-6D70-47E5-AE31-41E28CB5C713}.Release|Any CPU.Build.0 = Release|iPhone
		{D8025804-6D70-47E5-AE31-41E28CB5C713}.Debug|iPhoneSimulator.ActiveCfg = Debug|iPhoneSimulator
		{D8025804-6D70-47E5-AE31-41E28CB5C713}.Debug|iPhoneSimulator.Build.0 = Debug|iPhoneSimulator
		{D8025804-6D70-47E5-AE31-41E28CB5C713}.Release|iPhone.ActiveCfg = Release|iPhone
		{D8025804-6D70-47E5-AE31-41E28CB5C713}.Release|iPhone.Build.0 = Release|iPhone
		{D8025804-6D70-47E5-AE31-41E28CB5C713}.Release|iPhoneSimulator.ActiveCfg = Release|iPhoneSimulator
		{D8025804-6D70-47E5-AE31-41E28CB5C713}.Release|iPhoneSimulator.Build.0 = Release|iPhoneSimulator
		{D8025804-6D70-47E5-AE31-41E28CB5C713}.Debug|iPhone.ActiveCfg = Debug|iPhone
		{D8025804-6D70-47E5-AE31-41E28CB5C713}.Debug|iPhone.Build.0 = Debug|iPhone
		{79320A06-8C76-4070-8217-991BB57482E4}.Debug|Any CPU.ActiveCfg = Debug|iPhoneSimulator
		{79320A06-8C76-4070-8217-991BB57482E4}.Debug|Any CPU.Build.0 = Debug|iPhoneSimulator
		{79320A06-8C76-4070-8217-991BB57482E4}.Release|Any CPU.ActiveCfg = Release|iPhone
		{79320A06-8C76-4070-8217-991BB57482E4}.Release|Any CPU.Build.0 = Release|iPhone
		{79320A06-8C76-4070-8217-991BB57482E4}.Debug|iPhoneSimulator.ActiveCfg = Debug|iPhoneSimulator
		{79320A06-8C76-4070-8217-991BB57482E4}.Debug|iPhoneSimulator.Build.0 = Debug|iPhoneSimulator
		{79320A06-8C76-4070-8217-991BB57482E4}.Release|iPhone.ActiveCfg = Release|iPhone
		{79320A06-8C76-4070-8217-991BB57482E4}.Release|iPhone.Build.0 = Release|iPhone
		{79320A06-8C76-4070-8217-991BB57482E4}.Release|iPhoneSimulator.ActiveCfg = Release|iPhoneSimulator
		{79320A06-8C76-4070-8217-991BB57482E4}.Release|iPhoneSimulator.Build.0 = Release|iPhoneSimulator
		{79320A06-8C76-4070-8217-991BB57482E4}.Debug|iPhone.ActiveCfg = Debug|iPhone
		{79320A06-8C76-4070-8217-991BB57482E4}.Debug|iPhone.Build.0 = Debug|iPhone
	EndGlobalSection
EndGlobal
